
Microsoft Visual Studio Solution File, Format Version 12.00
# Visual Studio Version 16
VisualStudioVersion = 16.0.30517.126
MinimumVisualStudioVersion = 10.0.40219.1
Project("{FAE04EC0-301F-11D3-BF4B-00C04F79EFBC}") = "OOPcar", "OOPcar\OOPcar.csproj", "{329E1D8F-0F6E-4133-A2E3-DAD19348A9CB}"
EndProject
Project("{FAE04EC0-301F-11D3-BF4B-00C04F79EFBC}") = "ObjectsFromFile", "ObjectsFromFile\ObjectsFromFile.csproj", "{CF097239-A639-4D83-942B-7638CF69FC0B}"
EndProject
Global
	GlobalSection(SolutionConfigurationPlatforms) = preSolution
		Debug|Any CPU = Debug|Any CPU
		Release|Any CPU = Release|Any CPU
	EndGlobalSection
	GlobalSection(ProjectConfigurationPlatforms) = postSolution
		{329E1D8F-0F6E-4133-A2E3-DAD19348A9CB}.Debug|Any CPU.ActiveCfg = Debug|Any CPU
		{329E1D8F-0F6E-4133-A2E3-DAD19348A9CB}.Debug|Any CPU.Build.0 = Debug|Any CPU
		{329E1D8F-0F6E-4133-A2E3-DAD19348A9CB}.Release|Any CPU.ActiveCfg = Release|Any CPU
		{329E1D8F-0F6E-4133-A2E3-DAD19348A9CB}.Release|Any CPU.Build.0 = Release|Any CPU
		{CF097239-A639-4D83-942B-7638CF69FC0B}.Debug|Any CPU.ActiveCfg = Debug|Any CPU
		{CF097239-A639-4D83-942B-7638CF69FC0B}.Debug|Any CPU.Build.0 = Debug|Any CPU
		{CF097239-A639-4D83-942B-7638CF69FC0B}.Release|Any CPU.ActiveCfg = Release|Any CPU
		{CF097239-A639-4D83-942B-7638CF69FC0B}.Release|Any CPU.Build.0 = Release|Any CPU
	EndGlobalSection
	GlobalSection(SolutionProperties) = preSolution
		HideSolutionNode = FALSE
	EndGlobalSection
	GlobalSection(ExtensibilityGlobals) = postSolution
		SolutionGuid = {DA69210A-3E85-4655-BD4B-13FCE74F2CCD}
	EndGlobalSection
EndGlobal
